PODS:
  - Differentiator (5.0.0)
  - JTAppleCalendar (8.0.5)
  - PanModal (1.2.7)
  - RxCocoa (6.6.0):
    - RxRelay (= 6.6.0)
    - RxSwift (= 6.6.0)
  - RxDataSources (5.0.0):
    - Differentiator (~> 5.0)
    - RxCocoa (~> 6.0)
    - RxSwift (~> 6.0)
  - RxRelay (6.6.0):
    - RxSwift (= 6.6.0)
  - RxSwift (6.6.0)
  - SDWebImage (5.18.5):
    - SDWebImage/Core (= 5.18.5)
  - SDWebImage/Core (5.18.5)
  - SnapKit (5.6.0)

DEPENDENCIES:
  - JTAppleCalendar
  - PanModal
  - RxCocoa
  - RxDataSources
  - RxSwift
  - SDWebImage
  - SnapKit

SPEC REPOS:
  trunk:
    - Differentiator
    - JTAppleCalendar
    - PanModal
    - RxCocoa
    - RxDataSources
    - RxRelay
    - RxSwift
    - SDWebImage
    - SnapKit

SPEC CHECKSUMS:
  Differentiator: e8497ceab83c1b10ca233716d547b9af21b9344d
  JTAppleCalendar: 16c6501b22cb27520372c28b0a2e0b12c8d0cd73
  PanModal: 3e16ead1a907fb06f4df3f13492fd00149fa4974
  RxCocoa: 44a80de90e25b739b5aeaae3c8c371a32e3343cc
  RxDataSources: aa47cc1ed6c500fa0dfecac5c979b723542d79cf
  RxRelay: 45eaa5db8ee4fb50e5ebd57deec0159e97fa51e6
  RxSwift: a4b44f7d24599f674deebd1818eab82e58410632
  SDWebImage: 7ac2b7ddc5e8484c79aa90fc4e30b149d6a2c88f
  SnapKit: e01d52ebb8ddbc333eefe2132acf85c8227d9c25

PODFILE CHECKSUM: c5cf327890f25c4e48f69bc6a78878eb1752a5fa

COCOAPODS: 1.13.0
